<Solution>
  <Project Path="EasyDelivery.Application/EasyDelivery.Application.csproj" />
  <Project Path="EasyDelivery.Domain/EasyDelivery.Domain.csproj" />
  <Project Path="EasyDelivery.Infrastructure/EasyDelivery.Infrastructure.csproj" />
  <Project Path="EasyDelivery/EasyDelivery.csproj" />
  <Project Path="EasyDelivery.Tests/EasyDelivery.Tests.csproj" />
</Solution>
